# generated by rye
# use `rye lock` or `rye sync` to update this lockfile
#
# last locked with the following flags:
#   pre: false
#   features: []
#   all-features: false
#   with-sources: false
#   generate-hashes: false
#   universal: false

-e file:.
altgraph==0.17.4
    # via pyinstaller
certifi==2025.1.31
    # via requests
charset-normalizer==3.4.1
    # via requests
click==8.1.8
    # via drissionpage
colorama==0.4.6
    # via click
cssselect==1.2.0
    # via drissionpage
datarecorder==3.6.2
    # via downloadkit
downloadkit==2.0.7
    # via drissionpage
drissionpage==4.1.0.9
et-xmlfile==2.0.0
    # via openpyxl
filelock==3.17.0
    # via tldextract
idna==3.10
    # via requests
    # via tldextract
lxml==5.3.1
    # via drissionpage
openpyxl==3.1.5
    # via datarecorder
packaging==24.2
    # via pyinstaller
    # via pyinstaller-hooks-contrib
pefile==2023.2.7
    # via pyinstaller
psutil==6.1.1
    # via drissionpage
pyinstaller==6.12.0
pyinstaller-hooks-contrib==2025.1
    # via pyinstaller
python-dotenv==1.0.0
pywin32-ctypes==0.2.3
    # via pyinstaller
requests==2.32.3
    # via downloadkit
    # via drissionpage
    # via requests-file
    # via tldextract
requests-file==2.1.0
    # via tldextract
setuptools==75.8.0
    # via pyinstaller
    # via pyinstaller-hooks-contrib
tldextract==5.1.3
    # via drissionpage
urllib3==2.3.0
    # via requests
websocket-client==1.8.0
    # via drissionpage
